
Microsoft Visual Studio Solution File, Format Version 12.00
# Visual Studio Version 17
VisualStudioVersion = 17.4.33110.190
MinimumVisualStudioVersion = 10.0.40219.1
Project("{FAE04EC0-301F-11D3-BF4B-00C04F79EFBC}") = "HandleError", "HandleError\HandleError.csproj", "{7692F324-0FEF-412C-81C8-266A11893F0C}"
EndProject
Global
	GlobalSection(SolutionConfigurationPlatforms) = preSolution
		Debug|Any CPU = Debug|Any CPU
		Release|Any CPU = Release|Any CPU
	EndGlobalSection
	GlobalSection(ProjectConfigurationPlatforms) = postSolution
		{7692F324-0FEF-412C-81C8-266A11893F0C}.Debug|Any CPU.ActiveCfg = Debug|Any CPU
		{7692F324-0FEF-412C-81C8-266A11893F0C}.Debug|Any CPU.Build.0 = Debug|Any CPU
		{7692F324-0FEF-412C-81C8-266A11893F0C}.Release|Any CPU.ActiveCfg = Release|Any CPU
		{7692F324-0FEF-412C-81C8-266A11893F0C}.Release|Any CPU.Build.0 = Release|Any CPU
	EndGlobalSection
	GlobalSection(SolutionProperties) = preSolution
		HideSolutionNode = FALSE
	EndGlobalSection
	GlobalSection(ExtensibilityGlobals) = postSolution
		SolutionGuid = {46E93113-3AF0-4EF5-835D-242F5884219A}
	EndGlobalSection
EndGlobal
