
Microsoft Visual Studio Solution File, Format Version 12.00
# Visual Studio Version 17
VisualStudioVersion = 17.4.33110.190
MinimumVisualStudioVersion = 10.0.40219.1
Project("{FAE04EC0-301F-11D3-BF4B-00C04F79EFBC}") = "Templates1", "Templates1\Templates1.csproj", "{3ECB2404-17D3-4C35-905B-9A3A91454AF3}"
EndProject
Global
	GlobalSection(SolutionConfigurationPlatforms) = preSolution
		Debug|Any CPU = Debug|Any CPU
		Release|Any CPU = Release|Any CPU
	EndGlobalSection
	GlobalSection(ProjectConfigurationPlatforms) = postSolution
		{3ECB2404-17D3-4C35-905B-9A3A91454AF3}.Debug|Any CPU.ActiveCfg = Debug|Any CPU
		{3ECB2404-17D3-4C35-905B-9A3A91454AF3}.Debug|Any CPU.Build.0 = Debug|Any CPU
		{3ECB2404-17D3-4C35-905B-9A3A91454AF3}.Release|Any CPU.ActiveCfg = Release|Any CPU
		{3ECB2404-17D3-4C35-905B-9A3A91454AF3}.Release|Any CPU.Build.0 = Release|Any CPU
	EndGlobalSection
	GlobalSection(SolutionProperties) = preSolution
		HideSolutionNode = FALSE
	EndGlobalSection
	GlobalSection(ExtensibilityGlobals) = postSolution
		SolutionGuid = {78CE1C61-46F8-4682-97C4-B9EF3DA14359}
	EndGlobalSection
EndGlobal
